
Microsoft Visual Studio Solution File, Format Version 12.00
# Visual Studio Version 16
VisualStudioVersion = 16.0.30804.86
MinimumVisualStudioVersion = 10.0.40219.1
Project("{34036844-64E7-43A5-9151-4AD90E180989}") = "GarageEdge", "GarageEdge\GarageEdge.iotedgeproj", "{46792A85-134F-48B7-96EA-B161C56405BB}"
EndProject
Project("{9A19103F-16F7-4668-BE54-9A1E7A4F7556}") = "GarageModule", "GarageModule\GarageModule.csproj", "{28136495-D314-430E-8A2F-6EDECFCF591A}"
EndProject
Project("{34036844-64E7-43A5-9151-4AD90E180989}") = "HomeEdge", "HomeEdge\HomeEdge.iotedgeproj", "{BA7D3A42-8925-48F3-A741-4573B99D26AE}"
EndProject
Project("{9A19103F-16F7-4668-BE54-9A1E7A4F7556}") = "HomeModule", "HomeModule\HomeModule.csproj", "{D1889C5D-FB10-4208-BBB7-4EC8FD194901}"
EndProject
Project("{9A19103F-16F7-4668-BE54-9A1E7A4F7556}") = "HomeIoTFunctions20", "HomeIoTFunctions20\HomeIoTFunctions20.csproj", "{36B75131-0F4A-472F-A3F2-7D5B7603DA1F}"
EndProject
Global
	GlobalSection(SolutionConfigurationPlatforms) = preSolution
		Debug|Any CPU = Debug|Any CPU
		Release|Any CPU = Release|Any CPU
	EndGlobalSection
	GlobalSection(ProjectConfigurationPlatforms) = postSolution
		{46792A85-134F-48B7-96EA-B161C56405BB}.Debug|Any CPU.ActiveCfg = Debug|Any CPU
		{46792A85-134F-48B7-96EA-B161C56405BB}.Debug|Any CPU.Build.0 = Debug|Any CPU
		{46792A85-134F-48B7-96EA-B161C56405BB}.Release|Any CPU.ActiveCfg = Release|Any CPU
		{46792A85-134F-48B7-96EA-B161C56405BB}.Release|Any CPU.Build.0 = Release|Any CPU
		{28136495-D314-430E-8A2F-6EDECFCF591A}.Debug|Any CPU.ActiveCfg = Debug|Any CPU
		{28136495-D314-430E-8A2F-6EDECFCF591A}.Debug|Any CPU.Build.0 = Debug|Any CPU
		{28136495-D314-430E-8A2F-6EDECFCF591A}.Release|Any CPU.ActiveCfg = Release|Any CPU
		{28136495-D314-430E-8A2F-6EDECFCF591A}.Release|Any CPU.Build.0 = Release|Any CPU
		{BA7D3A42-8925-48F3-A741-4573B99D26AE}.Debug|Any CPU.ActiveCfg = Debug|Any CPU
		{BA7D3A42-8925-48F3-A741-4573B99D26AE}.Debug|Any CPU.Build.0 = Debug|Any CPU
		{BA7D3A42-8925-48F3-A741-4573B99D26AE}.Release|Any CPU.ActiveCfg = Release|Any CPU
		{BA7D3A42-8925-48F3-A741-4573B99D26AE}.Release|Any CPU.Build.0 = Release|Any CPU
		{D1889C5D-FB10-4208-BBB7-4EC8FD194901}.Debug|Any CPU.ActiveCfg = Debug|Any CPU
		{D1889C5D-FB10-4208-BBB7-4EC8FD194901}.Debug|Any CPU.Build.0 = Debug|Any CPU
		{D1889C5D-FB10-4208-BBB7-4EC8FD194901}.Release|Any CPU.ActiveCfg = Release|Any CPU
		{D1889C5D-FB10-4208-BBB7-4EC8FD194901}.Release|Any CPU.Build.0 = Release|Any CPU
		{36B75131-0F4A-472F-A3F2-7D5B7603DA1F}.Debug|Any CPU.ActiveCfg = Debug|Any CPU
		{36B75131-0F4A-472F-A3F2-7D5B7603DA1F}.Debug|Any CPU.Build.0 = Debug|Any CPU
		{36B75131-0F4A-472F-A3F2-7D5B7603DA1F}.Release|Any CPU.ActiveCfg = Release|Any CPU
		{36B75131-0F4A-472F-A3F2-7D5B7603DA1F}.Release|Any CPU.Build.0 = Release|Any CPU
	EndGlobalSection
	GlobalSection(SolutionProperties) = preSolution
		HideSolutionNode = FALSE
	EndGlobalSection
	GlobalSection(ExtensibilityGlobals) = postSolution
		SolutionGuid = {6F0CBA9C-3E63-4C2A-B4C1-2D32C99B9898}
	EndGlobalSection
EndGlobal
